
Microsoft Visual Studio Solution File, Format Version 12.00
# Visual Studio 14
VisualStudioVersion = 14.0.25420.1
MinimumVisualStudioVersion = 10.0.40219.1
Project("{FAE04EC0-301F-11D3-BF4B-00C04F79EFBC}") = "AppEjemplo.Android", "AppEjemplo\AppEjemplo.Android\AppEjemplo.Android.csproj", "{907672FE-A55A-47DC-A5DB-16CF8E2C96BF}"
EndProject
Project("{FAE04EC0-301F-11D3-BF4B-00C04F79EFBC}") = "AppEjemplo", "AppEjemplo\AppEjemplo\AppEjemplo.csproj", "{8883043D-3B7E-4CE3-8F8F-AC551C2E6C81}"
EndProject
Project("{FAE04EC0-301F-11D3-BF4B-00C04F79EFBC}") = "AppEjemplo.UWP", "AppEjemplo\AppEjemplo.UWP\AppEjemplo.UWP.csproj", "{17CBE34C-C982-4782-9B4F-F64E3FD40AE6}"
EndProject
Project("{FAE04EC0-301F-11D3-BF4B-00C04F79EFBC}") = "AppEjemplo.iOS", "AppEjemplo\AppEjemplo.iOS\AppEjemplo.iOS.csproj", "{9EDF86C9-76A7-456E-A2EF-92F26B421E86}"
EndProject
Global
	GlobalSection(SolutionConfigurationPlatforms) = preSolution
		Ad-Hoc|Any CPU = Ad-Hoc|Any CPU
		Ad-Hoc|ARM = Ad-Hoc|ARM
		Ad-Hoc|iPhone = Ad-Hoc|iPhone
		Ad-Hoc|iPhoneSimulator = Ad-Hoc|iPhoneSimulator
		Ad-Hoc|x64 = Ad-Hoc|x64
		Ad-Hoc|x86 = Ad-Hoc|x86
		AppStore|Any CPU = AppStore|Any CPU
		AppStore|ARM = AppStore|ARM
		AppStore|iPhone = AppStore|iPhone
		AppStore|iPhoneSimulator = AppStore|iPhoneSimulator
		AppStore|x64 = AppStore|x64
		AppStore|x86 = AppStore|x86
		Debug|Any CPU = Debug|Any CPU
		Debug|ARM = Debug|ARM
		Debug|iPhone = Debug|iPhone
		Debug|iPhoneSimulator = Debug|iPhoneSimulator
		Debug|x64 = Debug|x64
		Debug|x86 = Debug|x86
		Release|Any CPU = Release|Any CPU
		Release|ARM = Release|ARM
		Release|iPhone = Release|iPhone
		Release|iPhoneSimulator = Release|iPhoneSimulator
		Release|x64 = Release|x64
		Release|x86 = Release|x86
	EndGlobalSection
	GlobalSection(ProjectConfigurationPlatforms) = postSolution
		{907672FE-A55A-47DC-A5DB-16CF8E2C96BF}.Ad-Hoc|Any CPU.ActiveCfg = Release|Any CPU
		{907672FE-A55A-47DC-A5DB-16CF8E2C96BF}.Ad-Hoc|Any CPU.Build.0 = Release|Any CPU
		{907672FE-A55A-47DC-A5DB-16CF8E2C96BF}.Ad-Hoc|Any CPU.Deploy.0 = Release|Any CPU
		{907672FE-A55A-47DC-A5DB-16CF8E2C96BF}.Ad-Hoc|ARM.ActiveCfg = Release|Any CPU
		{907672FE-A55A-47DC-A5DB-16CF8E2C96BF}.Ad-Hoc|ARM.Build.0 = Release|Any CPU
		{907672FE-A55A-47DC-A5DB-16CF8E2C96BF}.Ad-Hoc|ARM.Deploy.0 = Release|Any CPU
		{907672FE-A55A-47DC-A5DB-16CF8E2C96BF}.Ad-Hoc|iPhone.ActiveCfg = Release|Any CPU
		{907672FE-A55A-47DC-A5DB-16CF8E2C96BF}.Ad-Hoc|iPhone.Build.0 = Release|Any CPU
		{907672FE-A55A-47DC-A5DB-16CF8E2C96BF}.Ad-Hoc|iPhone.Deploy.0 = Release|Any CPU
		{907672FE-A55A-47DC-A5DB-16CF8E2C96BF}.Ad-Hoc|iPhoneSimulator.ActiveCfg = Release|Any CPU
		{907672FE-A55A-47DC-A5DB-16CF8E2C96BF}.Ad-Hoc|iPhoneSimulator.Build.0 = Release|Any CPU
		{907672FE-A55A-47DC-A5DB-16CF8E2C96BF}.Ad-Hoc|iPhoneSimulator.Deploy.0 = Release|Any CPU
		{907672FE-A55A-47DC-A5DB-16CF8E2C96BF}.Ad-Hoc|x64.ActiveCfg = Release|Any CPU
		{907672FE-A55A-47DC-A5DB-16CF8E2C96BF}.Ad-Hoc|x64.Build.0 = Release|Any CPU
		{907672FE-A55A-47DC-A5DB-16CF8E2C96BF}.Ad-Hoc|x64.Deploy.0 = Release|Any CPU
		{907672FE-A55A-47DC-A5DB-16CF8E2C96BF}.Ad-Hoc|x86.ActiveCfg = Release|Any CPU
		{907672FE-A55A-47DC-A5DB-16CF8E2C96BF}.Ad-Hoc|x86.Build.0 = Release|Any CPU
		{907672FE-A55A-47DC-A5DB-16CF8E2C96BF}.Ad-Hoc|x86.Deploy.0 = Release|Any CPU
		{907672FE-A55A-47DC-A5DB-16CF8E2C96BF}.AppStore|Any CPU.ActiveCfg = Release|Any CPU
		{907672FE-A55A-47DC-A5DB-16CF8E2C96BF}.AppStore|Any CPU.Build.0 = Release|Any CPU
		{907672FE-A55A-47DC-A5DB-16CF8E2C96BF}.AppStore|Any CPU.Deploy.0 = Release|Any CPU
		{907672FE-A55A-47DC-A5DB-16CF8E2C96BF}.AppStore|ARM.ActiveCfg = Release|Any CPU
		{907672FE-A55A-47DC-A5DB-16CF8E2C96BF}.AppStore|ARM.Build.0 = Release|Any CPU
		{907672FE-A55A-47DC-A5DB-16CF8E2C96BF}.AppStore|ARM.Deploy.0 = Release|Any CPU
		{907672FE-A55A-47DC-A5DB-16CF8E2C96BF}.AppStore|iPhone.ActiveCfg = Release|Any CPU
		{907672FE-A55A-47DC-A5DB-16CF8E2C96BF}.AppStore|iPhone.Build.0 = Release|Any CPU
		{907672FE-A55A-47DC-A5DB-16CF8E2C96BF}.AppStore|iPhone.Deploy.0 = Release|Any CPU
		{907672FE-A55A-47DC-A5DB-16CF8E2C96BF}.AppStore|iPhoneSimulator.ActiveCfg = Release|Any CPU
		{907672FE-A55A-47DC-A5DB-16CF8E2C96BF}.AppStore|iPhoneSimulator.Build.0 = Release|Any CPU
		{907672FE-A55A-47DC-A5DB-16CF8E2C96BF}.AppStore|iPhoneSimulator.Deploy.0 = Release|Any CPU
		{907672FE-A55A-47DC-A5DB-16CF8E2C96BF}.AppStore|x64.ActiveCfg = Release|Any CPU
		{907672FE-A55A-47DC-A5DB-16CF8E2C96BF}.AppStore|x64.Build.0 = Release|Any CPU
		{907672FE-A55A-47DC-A5DB-16CF8E2C96BF}.AppStore|x64.Deploy.0 = Release|Any CPU
		{907672FE-A55A-47DC-A5DB-16CF8E2C96BF}.AppStore|x86.ActiveCfg = Release|Any CPU
		{907672FE-A55A-47DC-A5DB-16CF8E2C96BF}.AppStore|x86.Build.0 = Release|Any CPU
		{907672FE-A55A-47DC-A5DB-16CF8E2C96BF}.AppStore|x86.Deploy.0 = Release|Any CPU
		{907672FE-A55A-47DC-A5DB-16CF8E2C96BF}.Debug|Any CPU.ActiveCfg = Debug|Any CPU
		{907672FE-A55A-47DC-A5DB-16CF8E2C96BF}.Debug|Any CPU.Build.0 = Debug|Any CPU
		{907672FE-A55A-47DC-A5DB-16CF8E2C96BF}.Debug|Any CPU.Deploy.0 = Debug|Any CPU
		{907672FE-A55A-47DC-A5DB-16CF8E2C96BF}.Debug|ARM.ActiveCfg = Debug|Any CPU
		{907672FE-A55A-47DC-A5DB-16CF8E2C96BF}.Debug|ARM.Build.0 = Debug|Any CPU
		{907672FE-A55A-47DC-A5DB-16CF8E2C96BF}.Debug|ARM.Deploy.0 = Debug|Any CPU
		{907672FE-A55A-47DC-A5DB-16CF8E2C96BF}.Debug|iPhone.ActiveCfg = Debug|Any CPU
		{907672FE-A55A-47DC-A5DB-16CF8E2C96BF}.Debug|iPhone.Build.0 = Debug|Any CPU
		{907672FE-A55A-47DC-A5DB-16CF8E2C96BF}.Debug|iPhone.Deploy.0 = Debug|Any CPU
		{907672FE-A55A-47DC-A5DB-16CF8E2C96BF}.Debug|iPhoneSimulator.ActiveCfg = Debug|Any CPU
		{907672FE-A55A-47DC-A5DB-16CF8E2C96BF}.Debug|iPhoneSimulator.Build.0 = Debug|Any CPU
		{907672FE-A55A-47DC-A5DB-16CF8E2C96BF}.Debug|iPhoneSimulator.Deploy.0 = Debug|Any CPU
		{907672FE-A55A-47DC-A5DB-16CF8E2C96BF}.Debug|x64.ActiveCfg = Debug|Any CPU
		{907672FE-A55A-47DC-A5DB-16CF8E2C96BF}.Debug|x64.Build.0 = Debug|Any CPU
		{907672FE-A55A-47DC-A5DB-16CF8E2C96BF}.Debug|x64.Deploy.0 = Debug|Any CPU
		{907672FE-A55A-47DC-A5DB-16CF8E2C96BF}.Debug|x86.ActiveCfg = Debug|Any CPU
		{907672FE-A55A-47DC-A5DB-16CF8E2C96BF}.Debug|x86.Build.0 = Debug|Any CPU
		{907672FE-A55A-47DC-A5DB-16CF8E2C96BF}.Debug|x86.Deploy.0 = Debug|Any CPU
		{907672FE-A55A-47DC-A5DB-16CF8E2C96BF}.Release|Any CPU.ActiveCfg = Release|Any CPU
		{907672FE-A55A-47DC-A5DB-16CF8E2C96BF}.Release|Any CPU.Build.0 = Release|Any CPU
		{907672FE-A55A-47DC-A5DB-16CF8E2C96BF}.Release|Any CPU.Deploy.0 = Release|Any CPU
		{907672FE-A55A-47DC-A5DB-16CF8E2C96BF}.Release|ARM.ActiveCfg = Release|Any CPU
		{907672FE-A55A-47DC-A5DB-16CF8E2C96BF}.Release|ARM.Build.0 = Release|Any CPU
		{907672FE-A55A-47DC-A5DB-16CF8E2C96BF}.Release|ARM.Deploy.0 = Release|Any CPU
		{907672FE-A55A-47DC-A5DB-16CF8E2C96BF}.Release|iPhone.ActiveCfg = Release|Any CPU
		{907672FE-A55A-47DC-A5DB-16CF8E2C96BF}.Release|iPhone.Build.0 = Release|Any CPU
		{907672FE-A55A-47DC-A5DB-16CF8E2C96BF}.Release|iPhone.Deploy.0 = Release|Any CPU
		{907672FE-A55A-47DC-A5DB-16CF8E2C96BF}.Release|iPhoneSimulator.ActiveCfg = Release|Any CPU
		{907672FE-A55A-47DC-A5DB-16CF8E2C96BF}.Release|iPhoneSimulator.Build.0 = Release|Any CPU
		{907672FE-A55A-47DC-A5DB-16CF8E2C96BF}.Release|iPhoneSimulator.Deploy.0 = Release|Any CPU
		{907672FE-A55A-47DC-A5DB-16CF8E2C96BF}.Release|x64.ActiveCfg = Release|Any CPU
		{907672FE-A55A-47DC-A5DB-16CF8E2C96BF}.Release|x64.Build.0 = Release|Any CPU
		{907672FE-A55A-47DC-A5DB-16CF8E2C96BF}.Release|x64.Deploy.0 = Release|Any CPU
		{907672FE-A55A-47DC-A5DB-16CF8E2C96BF}.Release|x86.ActiveCfg = Release|Any CPU
		{907672FE-A55A-47DC-A5DB-16CF8E2C96BF}.Release|x86.Build.0 = Release|Any CPU
		{907672FE-A55A-47DC-A5DB-16CF8E2C96BF}.Release|x86.Deploy.0 = Release|Any CPU
		{8883043D-3B7E-4CE3-8F8F-AC551C2E6C81}.Ad-Hoc|Any CPU.ActiveCfg = Release|Any CPU
		{8883043D-3B7E-4CE3-8F8F-AC551C2E6C81}.Ad-Hoc|Any CPU.Build.0 = Release|Any CPU
		{8883043D-3B7E-4CE3-8F8F-AC551C2E6C81}.Ad-Hoc|ARM.ActiveCfg = Release|Any CPU
		{8883043D-3B7E-4CE3-8F8F-AC551C2E6C81}.Ad-Hoc|ARM.Build.0 = Release|Any CPU
		{8883043D-3B7E-4CE3-8F8F-AC551C2E6C81}.Ad-Hoc|iPhone.ActiveCfg = Release|Any CPU
		{8883043D-3B7E-4CE3-8F8F-AC551C2E6C81}.Ad-Hoc|iPhone.Build.0 = Release|Any CPU
		{8883043D-3B7E-4CE3-8F8F-AC551C2E6C81}.Ad-Hoc|iPhoneSimulator.ActiveCfg = Release|Any CPU
		{8883043D-3B7E-4CE3-8F8F-AC551C2E6C81}.Ad-Hoc|iPhoneSimulator.Build.0 = Release|Any CPU
		{8883043D-3B7E-4CE3-8F8F-AC551C2E6C81}.Ad-Hoc|x64.ActiveCfg = Release|Any CPU
		{8883043D-3B7E-4CE3-8F8F-AC551C2E6C81}.Ad-Hoc|x64.Build.0 = Release|Any CPU
		{8883043D-3B7E-4CE3-8F8F-AC551C2E6C81}.Ad-Hoc|x86.ActiveCfg = Release|Any CPU
		{8883043D-3B7E-4CE3-8F8F-AC551C2E6C81}.Ad-Hoc|x86.Build.0 = Release|Any CPU
		{8883043D-3B7E-4CE3-8F8F-AC551C2E6C81}.AppStore|Any CPU.ActiveCfg = Release|Any CPU
		{8883043D-3B7E-4CE3-8F8F-AC551C2E6C81}.AppStore|Any CPU.Build.0 = Release|Any CPU
		{8883043D-3B7E-4CE3-8F8F-AC551C2E6C81}.AppStore|ARM.ActiveCfg = Release|Any CPU
		{8883043D-3B7E-4CE3-8F8F-AC551C2E6C81}.AppStore|ARM.Build.0 = Release|Any CPU
		{8883043D-3B7E-4CE3-8F8F-AC551C2E6C81}.AppStore|iPhone.ActiveCfg = Release|Any CPU
		{8883043D-3B7E-4CE3-8F8F-AC551C2E6C81}.AppStore|iPhone.Build.0 = Release|Any CPU
		{8883043D-3B7E-4CE3-8F8F-AC551C2E6C81}.AppStore|iPhoneSimulator.ActiveCfg = Release|Any CPU
		{8883043D-3B7E-4CE3-8F8F-AC551C2E6C81}.AppStore|iPhoneSimulator.Build.0 = Release|Any CPU
		{8883043D-3B7E-4CE3-8F8F-AC551C2E6C81}.AppStore|x64.ActiveCfg = Release|Any CPU
		{8883043D-3B7E-4CE3-8F8F-AC551C2E6C81}.AppStore|x64.Build.0 = Release|Any CPU
		{8883043D-3B7E-4CE3-8F8F-AC551C2E6C81}.AppStore|x86.ActiveCfg = Release|Any CPU
		{8883043D-3B7E-4CE3-8F8F-AC551C2E6C81}.AppStore|x86.Build.0 = Release|Any CPU
		{8883043D-3B7E-4CE3-8F8F-AC551C2E6C81}.Debug|Any CPU.ActiveCfg = Debug|Any CPU
		{8883043D-3B7E-4CE3-8F8F-AC551C2E6C81}.Debug|Any CPU.Build.0 = Debug|Any CPU
		{8883043D-3B7E-4CE3-8F8F-AC551C2E6C81}.Debug|ARM.ActiveCfg = Debug|Any CPU
		{8883043D-3B7E-4CE3-8F8F-AC551C2E6C81}.Debug|ARM.Build.0 = Debug|Any CPU
		{8883043D-3B7E-4CE3-8F8F-AC551C2E6C81}.Debug|iPhone.ActiveCfg = Debug|Any CPU
		{8883043D-3B7E-4CE3-8F8F-AC551C2E6C81}.Debug|iPhone.Build.0 = Debug|Any CPU
		{8883043D-3B7E-4CE3-8F8F-AC551C2E6C81}.Debug|iPhoneSimulator.ActiveCfg = Debug|Any CPU
		{8883043D-3B7E-4CE3-8F8F-AC551C2E6C81}.Debug|iPhoneSimulator.Build.0 = Debug|Any CPU
		{8883043D-3B7E-4CE3-8F8F-AC551C2E6C81}.Debug|x64.ActiveCfg = Debug|Any CPU
		{8883043D-3B7E-4CE3-8F8F-AC551C2E6C81}.Debug|x64.Build.0 = Debug|Any CPU
		{8883043D-3B7E-4CE3-8F8F-AC551C2E6C81}.Debug|x86.ActiveCfg = Debug|Any CPU
		{8883043D-3B7E-4CE3-8F8F-AC551C2E6C81}.Debug|x86.Build.0 = Debug|Any CPU
		{8883043D-3B7E-4CE3-8F8F-AC551C2E6C81}.Release|Any CPU.ActiveCfg = Release|Any CPU
		{8883043D-3B7E-4CE3-8F8F-AC551C2E6C81}.Release|Any CPU.Build.0 = Release|Any CPU
		{8883043D-3B7E-4CE3-8F8F-AC551C2E6C81}.Release|ARM.ActiveCfg = Release|Any CPU
		{8883043D-3B7E-4CE3-8F8F-AC551C2E6C81}.Release|ARM.Build.0 = Release|Any CPU
		{8883043D-3B7E-4CE3-8F8F-AC551C2E6C81}.Release|iPhone.ActiveCfg = Release|Any CPU
		{8883043D-3B7E-4CE3-8F8F-AC551C2E6C81}.Release|iPhone.Build.0 = Release|Any CPU
		{8883043D-3B7E-4CE3-8F8F-AC551C2E6C81}.Release|iPhoneSimulator.ActiveCfg = Release|Any CPU
		{8883043D-3B7E-4CE3-8F8F-AC551C2E6C81}.Release|iPhoneSimulator.Build.0 = Release|Any CPU
		{8883043D-3B7E-4CE3-8F8F-AC551C2E6C81}.Release|x64.ActiveCfg = Release|Any CPU
		{8883043D-3B7E-4CE3-8F8F-AC551C2E6C81}.Release|x64.Build.0 = Release|Any CPU
		{8883043D-3B7E-4CE3-8F8F-AC551C2E6C81}.Release|x86.ActiveCfg = Release|Any CPU
		{8883043D-3B7E-4CE3-8F8F-AC551C2E6C81}.Release|x86.Build.0 = Release|Any CPU
		{17CBE34C-C982-4782-9B4F-F64E3FD40AE6}.Ad-Hoc|Any CPU.ActiveCfg = Release|x86
		{17CBE34C-C982-4782-9B4F-F64E3FD40AE6}.Ad-Hoc|Any CPU.Build.0 = Release|x86
		{17CBE34C-C982-4782-9B4F-F64E3FD40AE6}.Ad-Hoc|Any CPU.Deploy.0 = Release|x86
		{17CBE34C-C982-4782-9B4F-F64E3FD40AE6}.Ad-Hoc|ARM.ActiveCfg = Release|ARM
		{17CBE34C-C982-4782-9B4F-F64E3FD40AE6}.Ad-Hoc|ARM.Build.0 = Release|ARM
		{17CBE34C-C982-4782-9B4F-F64E3FD40AE6}.Ad-Hoc|ARM.Deploy.0 = Release|ARM
		{17CBE34C-C982-4782-9B4F-F64E3FD40AE6}.Ad-Hoc|iPhone.ActiveCfg = Release|x86
		{17CBE34C-C982-4782-9B4F-F64E3FD40AE6}.Ad-Hoc|iPhone.Build.0 = Release|x86
		{17CBE34C-C982-4782-9B4F-F64E3FD40AE6}.Ad-Hoc|iPhone.Deploy.0 = Release|x86
		{17CBE34C-C982-4782-9B4F-F64E3FD40AE6}.Ad-Hoc|iPhoneSimulator.ActiveCfg = Release|x86
		{17CBE34C-C982-4782-9B4F-F64E3FD40AE6}.Ad-Hoc|iPhoneSimulator.Build.0 = Release|x86
		{17CBE34C-C982-4782-9B4F-F64E3FD40AE6}.Ad-Hoc|iPhoneSimulator.Deploy.0 = Release|x86
		{17CBE34C-C982-4782-9B4F-F64E3FD40AE6}.Ad-Hoc|x64.ActiveCfg = Release|x64
		{17CBE34C-C982-4782-9B4F-F64E3FD40AE6}.Ad-Hoc|x64.Build.0 = Release|x64
		{17CBE34C-C982-4782-9B4F-F64E3FD40AE6}.Ad-Hoc|x64.Deploy.0 = Release|x64
		{17CBE34C-C982-4782-9B4F-F64E3FD40AE6}.Ad-Hoc|x86.ActiveCfg = Release|x86
		{17CBE34C-C982-4782-9B4F-F64E3FD40AE6}.Ad-Hoc|x86.Build.0 = Release|x86
		{17CBE34C-C982-4782-9B4F-F64E3FD40AE6}.Ad-Hoc|x86.Deploy.0 = Release|x86
		{17CBE34C-C982-4782-9B4F-F64E3FD40AE6}.AppStore|Any CPU.ActiveCfg = Release|x86
		{17CBE34C-C982-4782-9B4F-F64E3FD40AE6}.AppStore|Any CPU.Build.0 = Release|x86
		{17CBE34C-C982-4782-9B4F-F64E3FD40AE6}.AppStore|Any CPU.Deploy.0 = Release|x86
		{17CBE34C-C982-4782-9B4F-F64E3FD40AE6}.AppStore|ARM.ActiveCfg = Release|ARM
		{17CBE34C-C982-4782-9B4F-F64E3FD40AE6}.AppStore|ARM.Build.0 = Release|ARM
		{17CBE34C-C982-4782-9B4F-F64E3FD40AE6}.AppStore|ARM.Deploy.0 = Release|ARM
		{17CBE34C-C982-4782-9B4F-F64E3FD40AE6}.AppStore|iPhone.ActiveCfg = Release|x86
		{17CBE34C-C982-4782-9B4F-F64E3FD40AE6}.AppStore|iPhone.Build.0 = Release|x86
		{17CBE34C-C982-4782-9B4F-F64E3FD40AE6}.AppStore|iPhone.Deploy.0 = Release|x86
		{17CBE34C-C982-4782-9B4F-F64E3FD40AE6}.AppStore|iPhoneSimulator.ActiveCfg = Release|x86
		{17CBE34C-C982-4782-9B4F-F64E3FD40AE6}.AppStore|iPhoneSimulator.Build.0 = Release|x86
		{17CBE34C-C982-4782-9B4F-F64E3FD40AE6}.AppStore|iPhoneSimulator.Deploy.0 = Release|x86
		{17CBE34C-C982-4782-9B4F-F64E3FD40AE6}.AppStore|x64.ActiveCfg = Release|x64
		{17CBE34C-C982-4782-9B4F-F64E3FD40AE6}.AppStore|x64.Build.0 = Release|x64
		{17CBE34C-C982-4782-9B4F-F64E3FD40AE6}.AppStore|x64.Deploy.0 = Release|x64
		{17CBE34C-C982-4782-9B4F-F64E3FD40AE6}.AppStore|x86.ActiveCfg = Release|x86
		{17CBE34C-C982-4782-9B4F-F64E3FD40AE6}.AppStore|x86.Build.0 = Release|x86
		{17CBE34C-C982-4782-9B4F-F64E3FD40AE6}.AppStore|x86.Deploy.0 = Release|x86
		{17CBE34C-C982-4782-9B4F-F64E3FD40AE6}.Debug|Any CPU.ActiveCfg = Debug|x86
		{17CBE34C-C982-4782-9B4F-F64E3FD40AE6}.Debug|ARM.ActiveCfg = Debug|ARM
		{17CBE34C-C982-4782-9B4F-F64E3FD40AE6}.Debug|ARM.Build.0 = Debug|ARM
		{17CBE34C-C982-4782-9B4F-F64E3FD40AE6}.Debug|ARM.Deploy.0 = Debug|ARM
		{17CBE34C-C982-4782-9B4F-F64E3FD40AE6}.Debug|iPhone.ActiveCfg = Debug|x86
		{17CBE34C-C982-4782-9B4F-F64E3FD40AE6}.Debug|iPhoneSimulator.ActiveCfg = Debug|x86
		{17CBE34C-C982-4782-9B4F-F64E3FD40AE6}.Debug|x64.ActiveCfg = Debug|x64
		{17CBE34C-C982-4782-9B4F-F64E3FD40AE6}.Debug|x64.Build.0 = Debug|x64
		{17CBE34C-C982-4782-9B4F-F64E3FD40AE6}.Debug|x64.Deploy.0 = Debug|x64
		{17CBE34C-C982-4782-9B4F-F64E3FD40AE6}.Debug|x86.ActiveCfg = Debug|x86
		{17CBE34C-C982-4782-9B4F-F64E3FD40AE6}.Debug|x86.Build.0 = Debug|x86
		{17CBE34C-C982-4782-9B4F-F64E3FD40AE6}.Debug|x86.Deploy.0 = Debug|x86
		{17CBE34C-C982-4782-9B4F-F64E3FD40AE6}.Release|Any CPU.ActiveCfg = Release|x86
		{17CBE34C-C982-4782-9B4F-F64E3FD40AE6}.Release|ARM.ActiveCfg = Release|ARM
		{17CBE34C-C982-4782-9B4F-F64E3FD40AE6}.Release|ARM.Build.0 = Release|ARM
		{17CBE34C-C982-4782-9B4F-F64E3FD40AE6}.Release|ARM.Deploy.0 = Release|ARM
		{17CBE34C-C982-4782-9B4F-F64E3FD40AE6}.Release|iPhone.ActiveCfg = Release|x86
		{17CBE34C-C982-4782-9B4F-F64E3FD40AE6}.Release|iPhoneSimulator.ActiveCfg = Release|x86
		{17CBE34C-C982-4782-9B4F-F64E3FD40AE6}.Release|x64.ActiveCfg = Release|x64
		{17CBE34C-C982-4782-9B4F-F64E3FD40AE6}.Release|x64.Build.0 = Release|x64
		{17CBE34C-C982-4782-9B4F-F64E3FD40AE6}.Release|x64.Deploy.0 = Release|x64
		{17CBE34C-C982-4782-9B4F-F64E3FD40AE6}.Release|x86.ActiveCfg = Release|x86
		{17CBE34C-C982-4782-9B4F-F64E3FD40AE6}.Release|x86.Build.0 = Release|x86
		{17CBE34C-C982-4782-9B4F-F64E3FD40AE6}.Release|x86.Deploy.0 = Release|x86
		{9EDF86C9-76A7-456E-A2EF-92F26B421E86}.Ad-Hoc|Any CPU.ActiveCfg = Ad-Hoc|iPhone
		{9EDF86C9-76A7-456E-A2EF-92F26B421E86}.Ad-Hoc|ARM.ActiveCfg = Ad-Hoc|iPhone
		{9EDF86C9-76A7-456E-A2EF-92F26B421E86}.Ad-Hoc|iPhone.ActiveCfg = Ad-Hoc|iPhone
		{9EDF86C9-76A7-456E-A2EF-92F26B421E86}.Ad-Hoc|iPhone.Build.0 = Ad-Hoc|iPhone
		{9EDF86C9-76A7-456E-A2EF-92F26B421E86}.Ad-Hoc|iPhoneSimulator.ActiveCfg = Ad-Hoc|iPhoneSimulator
		{9EDF86C9-76A7-456E-A2EF-92F26B421E86}.Ad-Hoc|iPhoneSimulator.Build.0 = Ad-Hoc|iPhoneSimulator
		{9EDF86C9-76A7-456E-A2EF-92F26B421E86}.Ad-Hoc|x64.ActiveCfg = Ad-Hoc|iPhone
		{9EDF86C9-76A7-456E-A2EF-92F26B421E86}.Ad-Hoc|x86.ActiveCfg = Ad-Hoc|iPhone
		{9EDF86C9-76A7-456E-A2EF-92F26B421E86}.AppStore|Any CPU.ActiveCfg = AppStore|iPhone
		{9EDF86C9-76A7-456E-A2EF-92F26B421E86}.AppStore|ARM.ActiveCfg = AppStore|iPhone
		{9EDF86C9-76A7-456E-A2EF-92F26B421E86}.AppStore|iPhone.ActiveCfg = AppStore|iPhone
		{9EDF86C9-76A7-456E-A2EF-92F26B421E86}.AppStore|iPhone.Build.0 = AppStore|iPhone
		{9EDF86C9-76A7-456E-A2EF-92F26B421E86}.AppStore|iPhoneSimulator.ActiveCfg = AppStore|iPhoneSimulator
		{9EDF86C9-76A7-456E-A2EF-92F26B421E86}.AppStore|iPhoneSimulator.Build.0 = AppStore|iPhoneSimulator
		{9EDF86C9-76A7-456E-A2EF-92F26B421E86}.AppStore|x64.ActiveCfg = AppStore|iPhone
		{9EDF86C9-76A7-456E-A2EF-92F26B421E86}.AppStore|x86.ActiveCfg = AppStore|iPhone
		{9EDF86C9-76A7-456E-A2EF-92F26B421E86}.Debug|Any CPU.ActiveCfg = Debug|iPhone
		{9EDF86C9-76A7-456E-A2EF-92F26B421E86}.Debug|ARM.ActiveCfg = Debug|iPhone
		{9EDF86C9-76A7-456E-A2EF-92F26B421E86}.Debug|iPhone.ActiveCfg = Debug|iPhone
		{9EDF86C9-76A7-456E-A2EF-92F26B421E86}.Debug|iPhone.Build.0 = Debug|iPhone
		{9EDF86C9-76A7-456E-A2EF-92F26B421E86}.Debug|iPhoneSimulator.ActiveCfg = Debug|iPhoneSimulator
		{9EDF86C9-76A7-456E-A2EF-92F26B421E86}.Debug|iPhoneSimulator.Build.0 = Debug|iPhoneSimulator
		{9EDF86C9-76A7-456E-A2EF-92F26B421E86}.Debug|x64.ActiveCfg = Debug|iPhone
		{9EDF86C9-76A7-456E-A2EF-92F26B421E86}.Debug|x86.ActiveCfg = Debug|iPhone
		{9EDF86C9-76A7-456E-A2EF-92F26B421E86}.Release|Any CPU.ActiveCfg = Release|iPhone
		{9EDF86C9-76A7-456E-A2EF-92F26B421E86}.Release|ARM.ActiveCfg = Release|iPhone
		{9EDF86C9-76A7-456E-A2EF-92F26B421E86}.Release|iPhone.ActiveCfg = Release|iPhone
		{9EDF86C9-76A7-456E-A2EF-92F26B421E86}.Release|iPhone.Build.0 = Release|iPhone
		{9EDF86C9-76A7-456E-A2EF-92F26B421E86}.Release|iPhoneSimulator.ActiveCfg = Release|iPhoneSimulator
		{9EDF86C9-76A7-456E-A2EF-92F26B421E86}.Release|iPhoneSimulator.Build.0 = Release|iPhoneSimulator
		{9EDF86C9-76A7-456E-A2EF-92F26B421E86}.Release|x64.ActiveCfg = Release|iPhone
		{9EDF86C9-76A7-456E-A2EF-92F26B421E86}.Release|x86.ActiveCfg = Release|iPhone
	EndGlobalSection
	GlobalSection(SolutionProperties) = preSolution
		HideSolutionNode = FALSE
	EndGlobalSection
EndGlobal
